
Microsoft Visual Studio Solution File, Format Version 12.00
Project("{FAE04EC0-301F-11D3-BF4B-00C04F79EFBC}") = "FinStarTestTask", "FinStarTestTask\FinStarTestTask.csproj", "{C7B5E198-67CC-4B5C-8DA5-3D5A38F1CAFA}"
EndProject
Global
	GlobalSection(SolutionConfigurationPlatforms) = preSolution
		Debug|Any CPU = Debug|Any CPU
		Release|Any CPU = Release|Any CPU
	EndGlobalSection
	GlobalSection(ProjectConfigurationPlatforms) = postSolution
		{C7B5E198-67CC-4B5C-8DA5-3D5A38F1CAFA}.Debug|Any CPU.ActiveCfg = Debug|Any CPU
		{C7B5E198-67CC-4B5C-8DA5-3D5A38F1CAFA}.Debug|Any CPU.Build.0 = Debug|Any CPU
		{C7B5E198-67CC-4B5C-8DA5-3D5A38F1CAFA}.Release|Any CPU.ActiveCfg = Release|Any CPU
		{C7B5E198-67CC-4B5C-8DA5-3D5A38F1CAFA}.Release|Any CPU.Build.0 = Release|Any CPU
	EndGlobalSection
EndGlobal
